
Microsoft Visual Studio Solution File, Format Version 12.00
# Visual Studio 2013
VisualStudioVersion = 12.0.30501.0
MinimumVisualStudioVersion = 10.0.40219.1
Project("{2150E333-8FDC-42A3-9474-1A3956D46DE8}") = "InternalServiceDirectory", "InternalServiceDirectory", "{4368E7F9-98A1-4B36-BEAE-15AAD784C90E}"
EndProject
Project("{2150E333-8FDC-42A3-9474-1A3956D46DE8}") = "Core", "Core", "{00906F7A-EB38-4082-B8F3-40D49D0BDF9A}"
EndProject
Project("{2150E333-8FDC-42A3-9474-1A3956D46DE8}") = "Data", "Data", "{17F3D7FD-7F4C-4B03-AA4B-3E552702DECD}"
EndProject
Project("{2150E333-8FDC-42A3-9474-1A3956D46DE8}") = "Application", "Application", "{1C79A341-7C13-4C43-8065-A93F9347DCEB}"
EndProject
Project("{2150E333-8FDC-42A3-9474-1A3956D46DE8}") = "Utility", "Utility", "{C8B21033-A70D-4FE5-B978-FBF098402F20}"
EndProject
Project("{FAE04EC0-301F-11D3-BF4B-00C04F79EFBC}") = "ISD.Util", "ISD.Util\ISD.Util.csproj", "{6006BB86-B5C5-4429-B83C-82655ADF66E4}"
EndProject
Project("{FAE04EC0-301F-11D3-BF4B-00C04F79EFBC}") = "ISD.Data.EDM", "ISD.Data.EDM\ISD.Data.EDM.csproj", "{0658E264-A14C-4887-BFC7-AE4D37BBFBD5}"
EndProject
Project("{FAE04EC0-301F-11D3-BF4B-00C04F79EFBC}") = "ISD.Application.Administration.Web", "ISD.Application.Administration.Web\ISD.Application.Administration.Web.csproj", "{A7EAB837-70D2-4E6D-B85E-7F448F3606D2}"
EndProject
Project("{FAE04EC0-301F-11D3-BF4B-00C04F79EFBC}") = "ISD.Application.User.Web", "ISD.Application.User.Web\ISD.Application.User.Web.csproj", "{9E16F5CC-CDBF-415F-8C88-5DF8BD340A6A}"
EndProject
Project("{FAE04EC0-301F-11D3-BF4B-00C04F79EFBC}") = "ISD.Core.BF", "ISD.Core.BF\ISD.Core.BF.csproj", "{DEC713C7-54BC-4601-A1E2-E2EB7127A1C0}"
EndProject
Project("{FAE04EC0-301F-11D3-BF4B-00C04F79EFBC}") = "ISD.Core.DA", "ISD.Core.DA\ISD.Core.DA.csproj", "{5AFCB6A0-A8B9-4A2A-B8A6-E8437ED354BD}"
EndProject
Project("{FAE04EC0-301F-11D3-BF4B-00C04F79EFBC}") = "ISD.Data.EDS", "ISD.Data.EDS\ISD.Data.EDS.csproj", "{16C24B4B-9B36-40B9-A6B4-44900298E5CE}"
EndProject
Project("{FAE04EC0-301F-11D3-BF4B-00C04F79EFBC}") = "ISD.Application.Provider.Web", "ISD.Application.Provider.Web\ISD.Application.Provider.Web.csproj", "{40CCEDC7-31D6-473E-8032-0A24A92660FA}"
EndProject
Project("{FAE04EC0-301F-11D3-BF4B-00C04F79EFBC}") = "ISD.Application.provider.MVC", "ISD.Application.provider.MVC\ISD.Application.provider.MVC.csproj", "{63E7DCB7-EC89-4879-AB61-A1A68FED953C}"
EndProject
Project("{FAE04EC0-301F-11D3-BF4B-00C04F79EFBC}") = "ISD.Application.Sandbox.MVC", "ISD.Application.Sandbox.MVC\ISD.Application.Sandbox.MVC.csproj", "{6F56F3FC-1D8D-4881-9097-7CC35F5C1451}"
EndProject
Global
	GlobalSection(SolutionConfigurationPlatforms) = preSolution
		Debug|Any CPU = Debug|Any CPU
		Release|Any CPU = Release|Any CPU
	EndGlobalSection
	GlobalSection(ProjectConfigurationPlatforms) = postSolution
		{6006BB86-B5C5-4429-B83C-82655ADF66E4}.Debug|Any CPU.ActiveCfg = Debug|Any CPU
		{6006BB86-B5C5-4429-B83C-82655ADF66E4}.Debug|Any CPU.Build.0 = Debug|Any CPU
		{6006BB86-B5C5-4429-B83C-82655ADF66E4}.Release|Any CPU.ActiveCfg = Release|Any CPU
		{6006BB86-B5C5-4429-B83C-82655ADF66E4}.Release|Any CPU.Build.0 = Release|Any CPU
		{0658E264-A14C-4887-BFC7-AE4D37BBFBD5}.Debug|Any CPU.ActiveCfg = Debug|Any CPU
		{0658E264-A14C-4887-BFC7-AE4D37BBFBD5}.Debug|Any CPU.Build.0 = Debug|Any CPU
		{0658E264-A14C-4887-BFC7-AE4D37BBFBD5}.Release|Any CPU.ActiveCfg = Release|Any CPU
		{0658E264-A14C-4887-BFC7-AE4D37BBFBD5}.Release|Any CPU.Build.0 = Release|Any CPU
		{A7EAB837-70D2-4E6D-B85E-7F448F3606D2}.Debug|Any CPU.ActiveCfg = Debug|Any CPU
		{A7EAB837-70D2-4E6D-B85E-7F448F3606D2}.Debug|Any CPU.Build.0 = Debug|Any CPU
		{A7EAB837-70D2-4E6D-B85E-7F448F3606D2}.Release|Any CPU.ActiveCfg = Release|Any CPU
		{A7EAB837-70D2-4E6D-B85E-7F448F3606D2}.Release|Any CPU.Build.0 = Release|Any CPU
		{9E16F5CC-CDBF-415F-8C88-5DF8BD340A6A}.Debug|Any CPU.ActiveCfg = Debug|Any CPU
		{9E16F5CC-CDBF-415F-8C88-5DF8BD340A6A}.Debug|Any CPU.Build.0 = Debug|Any CPU
		{9E16F5CC-CDBF-415F-8C88-5DF8BD340A6A}.Release|Any CPU.ActiveCfg = Release|Any CPU
		{9E16F5CC-CDBF-415F-8C88-5DF8BD340A6A}.Release|Any CPU.Build.0 = Release|Any CPU
		{DEC713C7-54BC-4601-A1E2-E2EB7127A1C0}.Debug|Any CPU.ActiveCfg = Debug|Any CPU
		{DEC713C7-54BC-4601-A1E2-E2EB7127A1C0}.Debug|Any CPU.Build.0 = Debug|Any CPU
		{DEC713C7-54BC-4601-A1E2-E2EB7127A1C0}.Release|Any CPU.ActiveCfg = Release|Any CPU
		{DEC713C7-54BC-4601-A1E2-E2EB7127A1C0}.Release|Any CPU.Build.0 = Release|Any CPU
		{5AFCB6A0-A8B9-4A2A-B8A6-E8437ED354BD}.Debug|Any CPU.ActiveCfg = Debug|Any CPU
		{5AFCB6A0-A8B9-4A2A-B8A6-E8437ED354BD}.Debug|Any CPU.Build.0 = Debug|Any CPU
		{5AFCB6A0-A8B9-4A2A-B8A6-E8437ED354BD}.Release|Any CPU.ActiveCfg = Release|Any CPU
		{5AFCB6A0-A8B9-4A2A-B8A6-E8437ED354BD}.Release|Any CPU.Build.0 = Release|Any CPU
		{16C24B4B-9B36-40B9-A6B4-44900298E5CE}.Debug|Any CPU.ActiveCfg = Debug|Any CPU
		{16C24B4B-9B36-40B9-A6B4-44900298E5CE}.Debug|Any CPU.Build.0 = Debug|Any CPU
		{16C24B4B-9B36-40B9-A6B4-44900298E5CE}.Release|Any CPU.ActiveCfg = Release|Any CPU
		{16C24B4B-9B36-40B9-A6B4-44900298E5CE}.Release|Any CPU.Build.0 = Release|Any CPU
		{40CCEDC7-31D6-473E-8032-0A24A92660FA}.Debug|Any CPU.ActiveCfg = Debug|Any CPU
		{40CCEDC7-31D6-473E-8032-0A24A92660FA}.Debug|Any CPU.Build.0 = Debug|Any CPU
		{40CCEDC7-31D6-473E-8032-0A24A92660FA}.Release|Any CPU.ActiveCfg = Release|Any CPU
		{40CCEDC7-31D6-473E-8032-0A24A92660FA}.Release|Any CPU.Build.0 = Release|Any CPU
		{63E7DCB7-EC89-4879-AB61-A1A68FED953C}.Debug|Any CPU.ActiveCfg = Debug|Any CPU
		{63E7DCB7-EC89-4879-AB61-A1A68FED953C}.Debug|Any CPU.Build.0 = Debug|Any CPU
		{63E7DCB7-EC89-4879-AB61-A1A68FED953C}.Release|Any CPU.ActiveCfg = Release|Any CPU
		{63E7DCB7-EC89-4879-AB61-A1A68FED953C}.Release|Any CPU.Build.0 = Release|Any CPU
		{6F56F3FC-1D8D-4881-9097-7CC35F5C1451}.Debug|Any CPU.ActiveCfg = Debug|Any CPU
		{6F56F3FC-1D8D-4881-9097-7CC35F5C1451}.Debug|Any CPU.Build.0 = Debug|Any CPU
		{6F56F3FC-1D8D-4881-9097-7CC35F5C1451}.Release|Any CPU.ActiveCfg = Release|Any CPU
		{6F56F3FC-1D8D-4881-9097-7CC35F5C1451}.Release|Any CPU.Build.0 = Release|Any CPU
	EndGlobalSection
	GlobalSection(SolutionProperties) = preSolution
		HideSolutionNode = FALSE
	EndGlobalSection
	GlobalSection(NestedProjects) = preSolution
		{00906F7A-EB38-4082-B8F3-40D49D0BDF9A} = {4368E7F9-98A1-4B36-BEAE-15AAD784C90E}
		{17F3D7FD-7F4C-4B03-AA4B-3E552702DECD} = {4368E7F9-98A1-4B36-BEAE-15AAD784C90E}
		{1C79A341-7C13-4C43-8065-A93F9347DCEB} = {4368E7F9-98A1-4B36-BEAE-15AAD784C90E}
		{C8B21033-A70D-4FE5-B978-FBF098402F20} = {4368E7F9-98A1-4B36-BEAE-15AAD784C90E}
		{6006BB86-B5C5-4429-B83C-82655ADF66E4} = {C8B21033-A70D-4FE5-B978-FBF098402F20}
		{0658E264-A14C-4887-BFC7-AE4D37BBFBD5} = {17F3D7FD-7F4C-4B03-AA4B-3E552702DECD}
		{A7EAB837-70D2-4E6D-B85E-7F448F3606D2} = {1C79A341-7C13-4C43-8065-A93F9347DCEB}
		{9E16F5CC-CDBF-415F-8C88-5DF8BD340A6A} = {1C79A341-7C13-4C43-8065-A93F9347DCEB}
		{DEC713C7-54BC-4601-A1E2-E2EB7127A1C0} = {00906F7A-EB38-4082-B8F3-40D49D0BDF9A}
		{5AFCB6A0-A8B9-4A2A-B8A6-E8437ED354BD} = {00906F7A-EB38-4082-B8F3-40D49D0BDF9A}
		{16C24B4B-9B36-40B9-A6B4-44900298E5CE} = {17F3D7FD-7F4C-4B03-AA4B-3E552702DECD}
		{40CCEDC7-31D6-473E-8032-0A24A92660FA} = {1C79A341-7C13-4C43-8065-A93F9347DCEB}
		{63E7DCB7-EC89-4879-AB61-A1A68FED953C} = {1C79A341-7C13-4C43-8065-A93F9347DCEB}
		{6F56F3FC-1D8D-4881-9097-7CC35F5C1451} = {1C79A341-7C13-4C43-8065-A93F9347DCEB}
	EndGlobalSection
EndGlobal
